lockfileVersion: '9.0'

settings:
  autoInstallPeers: true
  excludeLinksFromLockfile: false

importers:

  .:
    dependencies:
      chrono-node:
        specifier: ^2.8.3
        version: 2.8.3
      compromise:
        specifier: ^14.14.4
        version: 14.14.4
      fuzzball:
        specifier: ^2.2.2
        version: 2.2.2
      pdf-parse:
        specifier: ^1.1.1
        version: 1.1.1

packages:

  chrono-node@2.8.3:
    resolution: {integrity: sha512-YukiXak31pshonVWaeJ9cZ4xxWIlbsyn5qYUkG5pQ+usZ6l22ASXDIk0kHUQkIBNOCLRevFkHJjnGKXwZNtyZw==}
    engines: {node: ^12.20.0 || ^14.13.1 || >=16.0.0}

  compromise@14.14.4:
    resolution: {integrity: sha512-QdbJwronwxeqb7a5KFK/+Y5YieZ4PE1f7ai0vU58Pp4jih+soDCBMuKVbhDEPQ+6+vI3vSiG4UAAjTAXLJw1Qw==}
    engines: {node: '>=12.0.0'}

  dayjs@1.11.13:
    resolution: {integrity: sha512-oaMBel6gjolK862uaPQOVTA7q3TZhuSvuMQAAglQDOWYO9A91IrAOUJEyKVlqJlHE0vq5p5UXxzdPfMH/x6xNg==}

  debug@3.2.7:
    resolution: {integrity: sha512-CFjzYYAi4ThfiQvizrFQevTTXHtnCqWfe7x1AhgEscTz6ZbLbfoLRLPugTQyBth6f8ZERVUSyWHFD/7Wu4t1XQ==}
    peerDependencies:
      supports-color: '*'
    peerDependenciesMeta:
      supports-color:
        optional: true

  efrt@2.7.0:
    resolution: {integrity: sha512-/RInbCy1d4P6Zdfa+TMVsf/ufZVotat5hCw3QXmWtjU+3pFEOvOQ7ibo3aIxyCJw2leIeAMjmPj+1SLJiCpdrQ==}
    engines: {node: '>=12.0.0'}

  fuzzball@2.2.2:
    resolution: {integrity: sha512-NCJZdEur2qTZ6/dYjkvLnNOnDxN4JG1rOWSRJS2ser4cFGVqFNBu2JjudxU2kZrHqfKg1zmtHii/JmWLaEeDHw==}

  grad-school@0.0.5:
    resolution: {integrity: sha512-rXunEHF9M9EkMydTBux7+IryYXEZinRk6g8OBOGDBzo/qWJjhTxy86i5q7lQYpCLHN8Sqv1XX3OIOc7ka2gtvQ==}
    engines: {node: '>=8.0.0'}

  heap@0.2.7:
    resolution: {integrity: sha512-2bsegYkkHO+h/9MGbn6KWcE45cHZgPANo5LXF7EvWdT0yT2EguSVO1nDgU5c8+ZOPwp2vMNa7YFsJhVcDR9Sdg==}

  lodash@4.17.21:
    resolution: {integrity: sha512-v2kDEe57lecTulaDIuNTPy3Ry4gLGJ6Z1O3vE1krgXZNrsQ+LFTGHVxVjcXPs17LhbZVGedAJv8XZ1tvj5FvSg==}

  ms@2.1.3:
    resolution: {integrity: sha512-6FlzubTLZG3J2a/NVCAleEhjzq5oxgHyaCU9yYXvcLsvoVaHJq/s5xXI6/XXP6tz7R9xAOtHnSO/tXtF3WRTlA==}

  node-ensure@0.0.0:
    resolution: {integrity: sha512-DRI60hzo2oKN1ma0ckc6nQWlHU69RH6xN0sjQTjMpChPfTYvKZdcQFfdYK2RWbJcKyUizSIy/l8OTGxMAM1QDw==}

  pdf-parse@1.1.1:
    resolution: {integrity: sha512-v6ZJ/efsBpGrGGknjtq9J/oC8tZWq0KWL5vQrk2GlzLEQPUDB1ex+13Rmidl1neNN358Jn9EHZw5y07FFtaC7A==}
    engines: {node: '>=6.8.1'}

  setimmediate@1.0.5:
    resolution: {integrity: sha512-MATJdZp8sLqDl/68LfQmbP8zKPLQNV6BIZoIgrscFDQ+RsvK/BxeDQOgyxKKoh0y/8h3BqVFnCqQ/gd+reiIXA==}

  suffix-thumb@5.0.2:
    resolution: {integrity: sha512-I5PWXAFKx3FYnI9a+dQMWNqTxoRt6vdBdb0O+BJ1sxXCWtSoQCusc13E58f+9p4MYx/qCnEMkD5jac6K2j3dgA==}

snapshots:

  chrono-node@2.8.3:
    dependencies:
      dayjs: 1.11.13

  compromise@14.14.4:
    dependencies:
      efrt: 2.7.0
      grad-school: 0.0.5
      suffix-thumb: 5.0.2

  dayjs@1.11.13: {}

  debug@3.2.7:
    dependencies:
      ms: 2.1.3

  efrt@2.7.0: {}

  fuzzball@2.2.2:
    dependencies:
      heap: 0.2.7
      lodash: 4.17.21
      setimmediate: 1.0.5

  grad-school@0.0.5: {}

  heap@0.2.7: {}

  lodash@4.17.21: {}

  ms@2.1.3: {}

  node-ensure@0.0.0: {}

  pdf-parse@1.1.1:
    dependencies:
      debug: 3.2.7
      node-ensure: 0.0.0
    transitivePeerDependencies:
      - supports-color

  setimmediate@1.0.5: {}

  suffix-thumb@5.0.2: {}
